
Microsoft Visual Studio Solution File, Format Version 12.00
# Visual Studio Version 16
VisualStudioVersion = 16.0.30907.101
MinimumVisualStudioVersion = 10.0.40219.1
Project("{FAE04EC0-301F-11D3-BF4B-00C04F79EFBC}") = "BlobTriggerFunction", "BlobTriggerFunction\BlobTriggerFunction.csproj", "{BB8910F3-1A19-489B-83A1-2EEC3010F3A8}"
EndProject
Global
	GlobalSection(SolutionConfigurationPlatforms) = preSolution
		Debug|Any CPU = Debug|Any CPU
		Release|Any CPU = Release|Any CPU
	EndGlobalSection
	GlobalSection(ProjectConfigurationPlatforms) = postSolution
		{BB8910F3-1A19-489B-83A1-2EEC3010F3A8}.Debug|Any CPU.ActiveCfg = Debug|Any CPU
		{BB8910F3-1A19-489B-83A1-2EEC3010F3A8}.Debug|Any CPU.Build.0 = Debug|Any CPU
		{BB8910F3-1A19-489B-83A1-2EEC3010F3A8}.Release|Any CPU.ActiveCfg = Release|Any CPU
		{BB8910F3-1A19-489B-83A1-2EEC3010F3A8}.Release|Any CPU.Build.0 = Release|Any CPU
	EndGlobalSection
	GlobalSection(SolutionProperties) = preSolution
		HideSolutionNode = FALSE
	EndGlobalSection
	GlobalSection(ExtensibilityGlobals) = postSolution
		SolutionGuid = {54554FDE-983E-41D1-A4E9-B0C6FF65FD7D}
	EndGlobalSection
EndGlobal
